// !$*UTF8*$!
{
	archiveVersion = 1;
	classes = {
	};
	objectVersion = 46;
	objects = {

/* Begin PBXBuildFile section */
		C72CD9771D1A6356000F3BA9 /* AppDelegate.swift in Sources */ = {isa = PBXBuildFile; fileRef = C72CD9761D1A6356000F3BA9 /* AppDelegate.swift */; };
		C72CD9791D1A6356000F3BA9 /* ViewController.swift in Sources */ = {isa = PBXBuildFile; fileRef = C72CD9781D1A6356000F3BA9 /* ViewController.swift */; };
		C72CD97C1D1A6356000F3BA9 /* Main.storyboard in Resources */ = {isa = PBXBuildFile; fileRef = C72CD97A1D1A6356000F3BA9 /* Main.storyboard */; };
		C72CD97E1D1A6356000F3BA9 /* Assets.xcassets in Resources */ = {isa = PBXBuildFile; fileRef = C72CD97D1D1A6356000F3BA9 /* Assets.xcassets */; };
		C72CD9811D1A6356000F3BA9 /* LaunchScreen.storyboard in Resources */ = {isa = PBXBuildFile; fileRef = C72CD97F1D1A6356000F3BA9 /* LaunchScreen.storyboard */; };
		C72CD98C1D1A6356000F3BA9 /* tishiharaTests.swift in Sources */ = {isa = PBXBuildFile; fileRef = C72CD98B1D1A6356000F3BA9 /* tishiharaTests.swift */; };
		C72CD9971D1A6356000F3BA9 /* tishiharaUITests.swift in Sources */ = {isa = PBXBuildFile; fileRef = C72CD9961D1A6356000F3BA9 /* tishiharaUITests.swift */; };
/* End PBXBuildFile section */

/* Begin PBXContainerItemProxy section */
		C72CD9881D1A6356000F3BA9 /* PBXContainerItemProxy */ = {
			isa = PBXContainerItemProxy;
			containerPortal = C72CD96B1D1A6356000F3BA9 /* Project object */;
			proxyType = 1;
			remoteGlobalIDString = C72CD9721D1A6356000F3BA9;
			remoteInfo = tishihara;
		};
		C72CD9931D1A6356000F3BA9 /* PBXContainerItemProxy */ = {
			isa = PBXContainerItemProxy;
			containerPortal = C72CD96B1D1A6356000F3BA9 /* Project object */;
			proxyType = 1;
			remoteGlobalIDString = C72CD9721D1A6356000F3BA9;
			remoteInfo = tishihara;
		};
/* End PBXContainerItemProxy section */

/* Begin PBXFileReference section */
		C72CD9731D1A6356000F3BA9 /* tishihara.app */ = {isa = PBXFileReference; explicitFileType = wrapper.application; includeInIndex = 0; path = tishihara.app; sourceTree = BUILT_PRODUCTS_DIR; };
		C72CD9761D1A6356000F3BA9 /* AppDelegate.swift */ = {isa = PBXFileReference; lastKnownFileType = sourcecode.swift; path = AppDelegate.swift; sourceTree = "<group>"; };
		C72CD9781D1A6356000F3BA9 /* ViewController.swift */ = {isa = PBXFileReference; lastKnownFileType = sourcecode.swift; path = ViewController.swift; sourceTree = "<group>"; };
		C72CD97B1D1A6356000F3BA9 /* Base */ = {isa = PBXFileReference; lastKnownFileType = file.storyboard; name = Base; path = Base.lproj/Main.storyboard; sourceTree = "<group>"; };
		C72CD97D1D1A6356000F3BA9 /* Assets.xcassets */ = {isa = PBXFileReference; lastKnownFileType = folder.assetcatalog; path = Assets.xcassets; sourceTree = "<group>"; };
		C72CD9801D1A6356000F3BA9 /* Base */ = {isa = PBXFileReference; lastKnownFileType = file.storyboard; name = Base; path = Base.lproj/LaunchScreen.storyboard; sourceTree = "<group>"; };
		C72CD9821D1A6356000F3BA9 /* Info.plist */ = {isa = PBXFileReference; lastKnownFileType = text.plist.xml; path = Info.plist; sourceTree = "<group>"; };
		C72CD9871D1A6356000F3BA9 /* tishiharaTests.xctest */ = {isa = PBXFileReference; explicitFileType = wrapper.cfbundle; includeInIndex = 0; path = tishiharaTests.xctest; sourceTree = BUILT_PRODUCTS_DIR; };
		C72CD98B1D1A6356000F3BA9 /* tishiharaTests.swift */ = {isa = PBXFileReference; lastKnownFileType = sourcecode.swift; path = tishiharaTests.swift; sourceTree = "<group>"; };
		C72CD98D1D1A6356000F3BA9 /* Info.plist */ = {isa = PBXFileReference; lastKnownFileType = text.plist.xml; path = Info.plist; sourceTree = "<group>"; };
		C72CD9921D1A6356000F3BA9 /* tishiharaUITests.xctest */ = {isa = PBXFileReference; explicitFileType = wrapper.cfbundle; includeInIndex = 0; path = tishiharaUITests.xctest; sourceTree = BUILT_PRODUCTS_DIR; };
		C72CD9961D1A6356000F3BA9 /* tishiharaUITests.swift */ = {isa = PBXFileReference; lastKnownFileType = sourcecode.swift; path = tishiharaUITests.swift; sourceTree = "<group>"; };
		C72CD9981D1A6356000F3BA9 /* Info.plist */ = {isa = PBXFileReference; lastKnownFileType = text.plist.xml; path = Info.plist; sourceTree = "<group>"; };
/* End PBXFileReference section */

/* Begin PBXFrameworksBuildPhase section */
		C72CD9701D1A6356000F3BA9 /* Frameworks */ = {
			isa = PBXFrameworksBuildPhase;
			buildActionMask = 2147483647;
			files = (
			);
			runOnlyForDeploymentPostprocessing = 0;
		};
		C72CD9841D1A6356000F3BA9 /* Frameworks */ = {
			isa = PBXFrameworksBuildPhase;
			buildActionMask = 2147483647;
			files = (
			);
			runOnlyForDeploymentPostprocessing = 0;
		};
		C72CD98F1D1A6356000F3BA9 /* Frameworks */ = {
			isa = PBXFrameworksBuildPhase;
			buildActionMask = 2147483647;
			files = (
			);
			runOnlyForDeploymentPostprocessing = 0;
		};
/* End PBXFrameworksBuildPhase section */

/* Begin PBXGroup section */
		C72CD96A1D1A6356000F3BA9 = {
			isa = PBXGroup;
			children = (
				C72CD9751D1A6356000F3BA9 /* tishihara */,
				C72CD98A1D1A6356000F3BA9 /* tishiharaTests */,
				C72CD9951D1A6356000F3BA9 /* tishiharaUITests */,
				C72CD9741D1A6356000F3BA9 /* Products */,
			);
			sourceTree = "<group>";
		};
		C72CD9741D1A6356000F3BA9 /* Products */ = {
			isa = PBXGroup;
			children = (
				C72CD9731D1A6356000F3BA9 /* tishihara.app */,
				C72CD9871D1A6356000F3BA9 /* tishiharaTests.xctest */,
				C72CD9921D1A6356000F3BA9 /* tishiharaUITests.xctest */,
			);
			name = Products;
			sourceTree = "<group>";
		};
		C72CD9751D1A6356000F3BA9 /* tishihara */ = {
			isa = PBXGroup;
			children = (
				C72CD9761D1A6356000F3BA9 /* AppDelegate.swift */,
				C72CD9781D1A6356000F3BA9 /* ViewController.swift */,
				C72CD97A1D1A6356000F3BA9 /* Main.storyboard */,
				C72CD97D1D1A6356000F3BA9 /* Assets.xcassets */,
				C72CD97F1D1A6356000F3BA9 /* LaunchScreen.storyboard */,
				C72CD9821D1A6356000F3BA9 /* Info.plist */,
			);
			path = tishihara;
			sourceTree = "<group>";
		};
		C72CD98A1D1A6356000F3BA9 /* tishiharaTests */ = {
			isa = PBXGroup;
			children = (
				C72CD98B1D1A6356000F3BA9 /* tishiharaTests.swift */,
				C72CD98D1D1A6356000F3BA9 /* Info.plist */,
			);
			path = tishiharaTests;
			sourceTree = "<group>";
		};
		C72CD9951D1A6356000F3BA9 /* tishiharaUITests */ = {
			isa = PBXGroup;
			children = (
				C72CD9961D1A6356000F3BA9 /* tishiharaUITests.swift */,
				C72CD9981D1A6356000F3BA9 /* Info.plist */,
			);
			path = tishiharaUITests;
			sourceTree = "<group>";
		};
/* End PBXGroup section */

/* Begin PBXNativeTarget section */
		C72CD9721D1A6356000F3BA9 /* tishihara */ = {
			isa = PBXNativeTarget;
			buildConfigurationList = C72CD99B1D1A6356000F3BA9 /* Build configuration list for PBXNativeTarget "tishihara" */;
			buildPhases = (
				C72CD96F1D1A6356000F3BA9 /* Sources */,
				C72CD9701D1A6356000F3BA9 /* Frameworks */,
				C72CD9711D1A6356000F3BA9 /* Resources */,
			);
			buildRules = (
			);
			dependencies = (
			);
			name = tishihara;
			productName = tishihara;
			productReference = C72CD9731D1A6356000F3BA9 /* tishihara.app */;
			productType = "com.apple.product-type.application";
		};
		C72CD9861D1A6356000F3BA9 /* tishiharaTests */ = {
			isa = PBXNativeTarget;
			buildConfigurationList = C72CD99E1D1A6356000F3BA9 /* Build configuration list for PBXNativeTarget "tishiharaTests" */;
			buildPhases = (
				C72CD9831D1A6356000F3BA9 /* Sources */,
				C72CD9841D1A6356000F3BA9 /* Frameworks */,
				C72CD9851D1A6356000F3BA9 /* Resources */,
			);
			buildRules = (
			);
			dependencies = (
				C72CD9891D1A6356000F3BA9 /* PBXTargetDependency */,
			);
			name = tishiharaTests;
			productName = tishiharaTests;
			productReference = C72CD9871D1A6356000F3BA9 /* tishiharaTests.xctest */;
			productType = "com.apple.product-type.bundle.unit-test";
		};
		C72CD9911D1A6356000F3BA9 /* tishiharaUITests */ = {
			isa = PBXNativeTarget;
			buildConfigurationList = C72CD9A11D1A6356000F3BA9 /* Build configuration list for PBXNativeTarget "tishiharaUITests" */;
			buildPhases = (
				C72CD98E1D1A6356000F3BA9 /* Sources */,
				C72CD98F1D1A6356000F3BA9 /* Frameworks */,
				C72CD9901D1A6356000F3BA9 /* Resources */,
			);
			buildRules = (
			);
			dependencies = (
				C72CD9941D1A6356000F3BA9 /* PBXTargetDependency */,
			);
			name = tishiharaUITests;
			productName = tishiharaUITests;
			productReference = C72CD9921D1A6356000F3BA9 /* tishiharaUITests.xctest */;
			productType = "com.apple.product-type.bundle.ui-testing";
		};
/* End PBXNativeTarget section */

/* Begin PBXProject section */
		C72CD96B1D1A6356000F3BA9 /* Project object */ = {
			isa = PBXProject;
			attributes = {
				LastSwiftUpdateCheck = 0730;
				LastUpgradeCheck = 0730;
				ORGANIZATIONNAME = iMac_20;
				TargetAttributes = {
					C72CD9721D1A6356000F3BA9 = {
						CreatedOnToolsVersion = 7.3.1;
					};
					C72CD9861D1A6356000F3BA9 = {
						CreatedOnToolsVersion = 7.3.1;
						TestTargetID = C72CD9721D1A6356000F3BA9;
					};
					C72CD9911D1A6356000F3BA9 = {
						CreatedOnToolsVersion = 7.3.1;
						TestTargetID = C72CD9721D1A6356000F3BA9;
					};
				};
			};
			buildConfigurationList = C72CD96E1D1A6356000F3BA9 /* Build configuration list for PBXProject "tishihara" */;
			compatibilityVersion = "Xcode 3.2";
			developmentRegion = English;
			hasScannedForEncodings = 0;
			knownRegions = (
				en,
				Base,
			);
			mainGroup = C72CD96A1D1A6356000F3BA9;
			productRefGroup = C72CD9741D1A6356000F3BA9 /* Products */;
			projectDirPath = "";
			projectRoot = "";
			targets = (
				C72CD9721D1A6356000F3BA9 /* tishihara */,
				C72CD9861D1A6356000F3BA9 /* tishiharaTests */,
				C72CD9911D1A6356000F3BA9 /* tishiharaUITests */,
			);
		};
/* End PBXProject section */

/* Begin PBXResourcesBuildPhase section */
		C72CD9711D1A6356000F3BA9 /* Resources */ = {
			isa = PBXResourcesBuildPhase;
			buildActionMask = 2147483647;
			files = (
				C72CD9811D1A6356000F3BA9 /* LaunchScreen.storyboard in Resources */,
				C72CD97E1D1A6356000F3BA9 /* Assets.xcassets in Resources */,
				C72CD97C1D1A6356000F3BA9 /* Main.storyboard in Resources */,
			);
			runOnlyForDeploymentPostprocessing = 0;
		};
		C72CD9851D1A6356000F3BA9 /* Resources */ = {
			isa = PBXResourcesBuildPhase;
			buildActionMask = 2147483647;
			files = (
			);
			runOnlyForDeploymentPostprocessing = 0;
		};
		C72CD9901D1A6356000F3BA9 /* Resources */ = {
			isa = PBXResourcesBuildPhase;
			buildActionMask = 2147483647;
			files = (
			);
			runOnlyForDeploymentPostprocessing = 0;
		};
/* End PBXResourcesBuildPhase section */

/* Begin PBXSourcesBuildPhase section */
		C72CD96F1D1A6356000F3BA9 /* Sources */ = {
			isa = PBXSourcesBuildPhase;
			buildActionMask = 2147483647;
			files = (
				C72CD9791D1A6356000F3BA9 /* ViewController.swift in Sources */,
				C72CD9771D1A6356000F3BA9 /* AppDelegate.swift in Sources */,
			);
			runOnlyForDeploymentPostprocessing = 0;
		};
		C72CD9831D1A6356000F3BA9 /* Sources */ = {
			isa = PBXSourcesBuildPhase;
			buildActionMask = 2147483647;
			files = (
				C72CD98C1D1A6356000F3BA9 /* tishiharaTests.swift in Sources */,
			);
			runOnlyForDeploymentPostprocessing = 0;
		};
		C72CD98E1D1A6356000F3BA9 /* Sources */ = {
			isa = PBXSourcesBuildPhase;
			buildActionMask = 2147483647;
			files = (
				C72CD9971D1A6356000F3BA9 /* tishiharaUITests.swift in Sources */,
			);
			runOnlyForDeploymentPostprocessing = 0;
		};
/* End PBXSourcesBuildPhase section */

/* Begin PBXTargetDependency section */
		C72CD9891D1A6356000F3BA9 /* PBXTargetDependency */ = {
			isa = PBXTargetDependency;
			target = C72CD9721D1A6356000F3BA9 /* tishihara */;
			targetProxy = C72CD9881D1A6356000F3BA9 /* PBXContainerItemProxy */;
		};
		C72CD9941D1A6356000F3BA9 /* PBXTargetDependency */ = {
			isa = PBXTargetDependency;
			target = C72CD9721D1A6356000F3BA9 /* tishihara */;
			targetProxy = C72CD9931D1A6356000F3BA9 /* PBXContainerItemProxy */;
		};
/* End PBXTargetDependency section */

/* Begin PBXVariantGroup section */
		C72CD97A1D1A6356000F3BA9 /* Main.storyboard */ = {
			isa = PBXVariantGroup;
			children = (
				C72CD97B1D1A6356000F3BA9 /* Base */,
			);
			name = Main.storyboard;
			sourceTree = "<group>";
		};
		C72CD97F1D1A6356000F3BA9 /* LaunchScreen.storyboard */ = {
			isa = PBXVariantGroup;
			children = (
				C72CD9801D1A6356000F3BA9 /* Base */,
			);
			name = LaunchScreen.storyboard;
			sourceTree = "<group>";
		};
/* End PBXVariantGroup section */

/* Begin XCBuildConfiguration section */
		C72CD9991D1A6356000F3BA9 /* Debug */ = {
			isa = XCBuildConfiguration;
			buildSettings = {
				ALWAYS_SEARCH_USER_PATHS = NO;
				CLANG_ANALYZER_NONNULL = YES;
				CLANG_CXX_LANGUAGE_STANDARD = "gnu++0x";
				CLANG_CXX_LIBRARY = "libc++";
				CLANG_ENABLE_MODULES = YES;
				CLANG_ENABLE_OBJC_ARC = YES;
				CLANG_WARN_BOOL_CONVERSION = YES;
				CLANG_WARN_CONSTANT_CONVERSION = YES;
				CLANG_WARN_DIRECT_OBJC_ISA_USAGE = YES_ERROR;
				CLANG_WARN_EMPTY_BODY = YES;
				CLANG_WARN_ENUM_CONVERSION = YES;
				CLANG_WARN_INT_CONVERSION = YES;
				CLANG_WARN_OBJC_ROOT_CLASS = YES_ERROR;
				CLANG_WARN_UNREACHABLE_CODE = YES;
				CLANG_WARN__DUPLICATE_METHOD_MATCH = YES;
				"CODE_SIGN_IDENTITY[sdk=iphoneos*]" = "iPhone Developer";
				COPY_PHASE_STRIP = NO;
				DEBUG_INFORMATION_FORMAT = dwarf;
				ENABLE_STRICT_OBJC_MSGSEND = YES;
				ENABLE_TESTABILITY = YES;
				GCC_C_LANGUAGE_STANDARD = gnu99;
				GCC_DYNAMIC_NO_PIC = NO;
				GCC_NO_COMMON_BLOCKS = YES;
				GCC_OPTIMIZATION_LEVEL = 0;
				GCC_PREPROCESSOR_DEFINITIONS = (
					"DEBUG=1",
					"$(inherited)",
				);
				GCC_WARN_64_TO_32_BIT_CONVERSION = YES;
				GCC_WARN_ABOUT_RETURN_TYPE = YES_ERROR;
				GCC_WARN_UNDECLARED_SELECTOR = YES;
				GCC_WARN_UNINITIALIZED_AUTOS = YES_AGGRESSIVE;
				GCC_WARN_UNUSED_FUNCTION = YES;
				GCC_WARN_UNUSED_VARIABLE = YES;
				IPHONEOS_DEPLOYMENT_TARGET = 9.3;
				MTL_ENABLE_DEBUG_INFO = YES;
				ONLY_ACTIVE_ARCH = YES;
				SDKROOT = iphoneos;
				SWIFT_OPTIMIZATION_LEVEL = "-Onone";
			};
			name = Debug;
		};
		C72CD99A1D1A6356000F3BA9 /* Release */ = {
			isa = XCBuildConfiguration;
			buildSettings = {
				ALWAYS_SEARCH_USER_PATHS = NO;
				CLANG_ANALYZER_NONNULL = YES;
				CLANG_CXX_LANGUAGE_STANDARD = "gnu++0x";
				CLANG_CXX_LIBRARY = "libc++";
				CLANG_ENABLE_MODULES = YES;
				CLANG_ENABLE_OBJC_ARC = YES;
				CLANG_WARN_BOOL_CONVERSION = YES;
				CLANG_WARN_CONSTANT_CONVERSION = YES;
				CLANG_WARN_DIRECT_OBJC_ISA_USAGE = YES_ERROR;
				CLANG_WARN_EMPTY_BODY = YES;
				CLANG_WARN_ENUM_CONVERSION = YES;
				CLANG_WARN_INT_CONVERSION = YES;
				CLANG_WARN_OBJC_ROOT_CLASS = YES_ERROR;
				CLANG_WARN_UNREACHABLE_CODE = YES;
				CLANG_WARN__DUPLICATE_METHOD_MATCH = YES;
				"CODE_SIGN_IDENTITY[sdk=iphoneos*]" = "iPhone Developer";
				COPY_PHASE_STRIP = NO;
				DEBUG_INFORMATION_FORMAT = "dwarf-with-dsym";
				ENABLE_NS_ASSERTIONS = NO;
				ENABLE_STRICT_OBJC_MSGSEND = YES;
				GCC_C_LANGUAGE_STANDARD = gnu99;
				GCC_NO_COMMON_BLOCKS = YES;
				GCC_WARN_64_TO_32_BIT_CONVERSION = YES;
				GCC_WARN_ABOUT_RETURN_TYPE = YES_ERROR;
				GCC_WARN_UNDECLARED_SELECTOR = YES;
				GCC_WARN_UNINITIALIZED_AUTOS = YES_AGGRESSIVE;
				GCC_WARN_UNUSED_FUNCTION = YES;
				GCC_WARN_UNUSED_VARIABLE = YES;
				IPHONEOS_DEPLOYMENT_TARGET = 9.3;
				MTL_ENABLE_DEBUG_INFO = NO;
				SDKROOT = iphoneos;
				VALIDATE_PRODUCT = YES;
			};
			name = Release;
		};
		C72CD99C1D1A6356000F3BA9 /* Debug */ = {
			isa = XCBuildConfiguration;
			buildSettings = {
				ASSETCATALOG_COMPILER_APPICON_NAME = AppIcon;
				INFOPLIST_FILE = tishihara/Info.plist;
				LD_RUNPATH_SEARCH_PATHS = "$(inherited) @executable_path/Frameworks";
				PRODUCT_BUNDLE_IDENTIFIER = "App-earn.tishihara";
				PRODUCT_NAME = "$(TARGET_NAME)";
			};
			name = Debug;
		};
		C72CD99D1D1A6356000F3BA9 /* Release */ = {
			isa = XCBuildConfiguration;
			buildSettings = {
				ASSETCATALOG_COMPILER_APPICON_NAME = AppIcon;
				INFOPLIST_FILE = tishihara/Info.plist;
				LD_RUNPATH_SEARCH_PATHS = "$(inherited) @executable_path/Frameworks";
				PRODUCT_BUNDLE_IDENTIFIER = "App-earn.tishihara";
				PRODUCT_NAME = "$(TARGET_NAME)";
			};
			name = Release;
		};
		C72CD99F1D1A6356000F3BA9 /* Debug */ = {
			isa = XCBuildConfiguration;
			buildSettings = {
				BUNDLE_LOADER = "$(TEST_HOST)";
				INFOPLIST_FILE = tishiharaTests/Info.plist;
				LD_RUNPATH_SEARCH_PATHS = "$(inherited) @executable_path/Frameworks @loader_path/Frameworks";
				PRODUCT_BUNDLE_IDENTIFIER = "App-earn.tishiharaTests";
				PRODUCT_NAME = "$(TARGET_NAME)";
				TEST_HOST = "$(BUILT_PRODUCTS_DIR)/tishihara.app/tishihara";
			};
			name = Debug;
		};
		C72CD9A01D1A6356000F3BA9 /* Release */ = {
			isa = XCBuildConfiguration;
			buildSettings = {
				BUNDLE_LOADER = "$(TEST_HOST)";
				INFOPLIST_FILE = tishiharaTests/Info.plist;
				LD_RUNPATH_SEARCH_PATHS = "$(inherited) @executable_path/Frameworks @loader_path/Frameworks";
				PRODUCT_BUNDLE_IDENTIFIER = "App-earn.tishiharaTests";
				PRODUCT_NAME = "$(TARGET_NAME)";
				TEST_HOST = "$(BUILT_PRODUCTS_DIR)/tishihara.app/tishihara";
			};
			name = Release;
		};
		C72CD9A21D1A6356000F3BA9 /* Debug */ = {
			isa = XCBuildConfiguration;
			buildSettings = {
				INFOPLIST_FILE = tishiharaUITests/Info.plist;
				LD_RUNPATH_SEARCH_PATHS = "$(inherited) @executable_path/Frameworks @loader_path/Frameworks";
				PRODUCT_BUNDLE_IDENTIFIER = "App-earn.tishiharaUITests";
				PRODUCT_NAME = "$(TARGET_NAME)";
				TEST_TARGET_NAME = tishihara;
			};
			name = Debug;
		};
		C72CD9A31D1A6356000F3BA9 /* Release */ = {
			isa = XCBuildConfiguration;
			buildSettings = {
				INFOPLIST_FILE = tishiharaUITests/Info.plist;
				LD_RUNPATH_SEARCH_PATHS = "$(inherited) @executable_path/Frameworks @loader_path/Frameworks";
				PRODUCT_BUNDLE_IDENTIFIER = "App-earn.tishiharaUITests";
				PRODUCT_NAME = "$(TARGET_NAME)";
				TEST_TARGET_NAME = tishihara;
			};
			name = Release;
		};
/* End XCBuildConfiguration section */

/* Begin XCConfigurationList section */
		C72CD96E1D1A6356000F3BA9 /* Build configuration list for PBXProject "tishihara" */ = {
			isa = XCConfigurationList;
			buildConfigurations = (
				C72CD9991D1A6356000F3BA9 /* Debug */,
				C72CD99A1D1A6356000F3BA9 /* Release */,
			);
			defaultConfigurationIsVisible = 0;
			defaultConfigurationName = Release;
		};
		C72CD99B1D1A6356000F3BA9 /* Build configuration list for PBXNativeTarget "tishihara" */ = {
			isa = XCConfigurationList;
			buildConfigurations = (
				C72CD99C1D1A6356000F3BA9 /* Debug */,
				C72CD99D1D1A6356000F3BA9 /* Release */,
			);
			defaultConfigurationIsVisible = 0;
		};
		C72CD99E1D1A6356000F3BA9 /* Build configuration list for PBXNativeTarget "tishiharaTests" */ = {
			isa = XCConfigurationList;
			buildConfigurations = (
				C72CD99F1D1A6356000F3BA9 /* Debug */,
				C72CD9A01D1A6356000F3BA9 /* Release */,
			);
			defaultConfigurationIsVisible = 0;
		};
		C72CD9A11D1A6356000F3BA9 /* Build configuration list for PBXNativeTarget "tishiharaUITests" */ = {
			isa = XCConfigurationList;
			buildConfigurations = (
				C72CD9A21D1A6356000F3BA9 /* Debug */,
				C72CD9A31D1A6356000F3BA9 /* Release */,
			);
			defaultConfigurationIsVisible = 0;
		};
/* End XCConfigurationList section */
	};
	rootObject = C72CD96B1D1A6356000F3BA9 /* Project object */;
}
